PODS:
  - Alamofire (5.5.0)
  - AlamofireImage (4.2.0):
    - Alamofire (~> 5.4)
  - Kingfisher (7.1.2)
  - SwiftyJSON (5.0.1)
  - ZLImageEditor (1.0.4):
    - ZLImageEditor/Core (= 1.0.4)
  - ZLImageEditor/Core (1.0.4)

DEPENDENCIES:
  - Alamofire
  - AlamofireImage
  - Kingfisher
  - Kingfisher (~> 7.0)
  - SwiftyJSON
  - ZLImageEditor

SPEC REPOS:
  trunk:
    - Alamofire
    - AlamofireImage
    - Kingfisher
    - SwiftyJSON
    - ZLImageEditor

SPEC CHECKSUMS:
  Alamofire: 1c4fb5369c3fe93d2857c780d8bbe09f06f97e7c
  AlamofireImage: 34a2d90b0e5fe6a5605f85ae4b7b01e784c60192
  Kingfisher: 44ed6a8504763f27bab46163adfac83f5deb240c
  SwiftyJSON: 2f33a42c6fbc52764d96f13368585094bfd8aa5e
  ZLImageEditor: a196851f7a11b5e06123ed4bc34d2aff1ff7c86c

PODFILE CHECKSUM: 7f5d79f3e7d0e623ee1f23a6d801acc27671e304

COCOAPODS: 1.11.2
