PODS:
  - Alamofire (5.5.0)
  - AlamofireImage (4.2.0):
    - Alamofire (~> 5.4)
  - Kingfisher (7.1.2)
  - SwiftyJSON (5.0.1)
  - SwiftyStoreKit (0.16.1)
  - ZLImageEditor (1.0.4):
    - ZLImageEditor/Core (= 1.0.4)
  - ZLImageEditor/Core (1.0.4)

DEPENDENCIES:
  - Alamofire
  - AlamofireImage
  - Kingfisher
  - Kingfisher (~> 7.0)
  - SwiftyJSON
  - SwiftyStoreKit
  - ZLImageEditor

SPEC REPOS:
  trunk:
    - Alamofire
    - AlamofireImage
    - Kingfisher
    - SwiftyJSON
    - SwiftyStoreKit
    - ZLImageEditor

SPEC CHECKSUMS:
  Alamofire: 1c4fb5369c3fe93d2857c780d8bbe09f06f97e7c
  AlamofireImage: 34a2d90b0e5fe6a5605f85ae4b7b01e784c60192
  Kingfisher: 44ed6a8504763f27bab46163adfac83f5deb240c
  SwiftyJSON: 2f33a42c6fbc52764d96f13368585094bfd8aa5e
  SwiftyStoreKit: 6b9c08810269f030586dac1fae8e75871a82e84a
  ZLImageEditor: a196851f7a11b5e06123ed4bc34d2aff1ff7c86c

PODFILE CHECKSUM: 81c31c227f51ebf83c85f297eae22dcca851b89a

COCOAPODS: 1.11.2
